
Microsoft Visual Studio Solution File, Format Version 12.00
# Visual Studio Version 16
VisualStudioVersion = 16.0.31424.327
MinimumVisualStudioVersion = 10.0.40219.1
Project("{8BC9CEB8-8B4A-11D0-8D11-00A0C91BC942}") = "cppgl", "cppgl\cppgl.vcxproj", "{2EDA831E-CA6D-4E01-BCF9-1F8415D5BBBA}"
EndProject
Global
	GlobalSection(SolutionConfigurationPlatforms) = preSolution
		Debug|x64 = Debug|x64
		Debug|x86 = Debug|x86
		Release|x64 = Release|x64
		Release|x86 = Release|x86
	EndGlobalSection
	GlobalSection(ProjectConfigurationPlatforms) = postSolution
		{2EDA831E-CA6D-4E01-BCF9-1F8415D5BBBA}.Debug|x64.ActiveCfg = Debug|x64
		{2EDA831E-CA6D-4E01-BCF9-1F8415D5BBBA}.Debug|x64.Build.0 = Debug|x64
		{2EDA831E-CA6D-4E01-BCF9-1F8415D5BBBA}.Debug|x86.ActiveCfg = Debug|Win32
		{2EDA831E-CA6D-4E01-BCF9-1F8415D5BBBA}.Debug|x86.Build.0 = Debug|Win32
		{2EDA831E-CA6D-4E01-BCF9-1F8415D5BBBA}.Release|x64.ActiveCfg = Release|x64
		{2EDA831E-CA6D-4E01-BCF9-1F8415D5BBBA}.Release|x64.Build.0 = Release|x64
		{2EDA831E-CA6D-4E01-BCF9-1F8415D5BBBA}.Release|x86.ActiveCfg = Release|Win32
		{2EDA831E-CA6D-4E01-BCF9-1F8415D5BBBA}.Release|x86.Build.0 = Release|Win32
	EndGlobalSection
	GlobalSection(SolutionProperties) = preSolution
		HideSolutionNode = FALSE
	EndGlobalSection
	GlobalSection(ExtensibilityGlobals) = postSolution
		SolutionGuid = {FD5060D7-E0DF-4DB5-ABBD-BCFC00A9A3C1}
	EndGlobalSection
EndGlobal
